// !$*UTF8*$!
{
	archiveVersion = 1;
	classes = {
	};
	objectVersion = 50;
	objects = {

/* Begin PBXBuildFile section */
		EF1799CA23F996C800A09CD9 /* AppDelegate.swift in Sources */ = {isa = PBXBuildFile; fileRef = EF1799C923F996C800A09CD9 /* AppDelegate.swift */; };
		EF1799CC23F996C800A09CD9 /* SceneDelegate.swift in Sources */ = {isa = PBXBuildFile; fileRef = EF1799CB23F996C800A09CD9 /* SceneDelegate.swift */; };
		EF1799CF23F996C800A09CD9 /* Packages.xcdatamodeld in Sources */ = {isa = PBXBuildFile; fileRef = EF1799CD23F996C800A09CD9 /* Packages.xcdatamodeld */; };
		EF1799D123F996C800A09CD9 /* ContentView.swift in Sources */ = {isa = PBXBuildFile; fileRef = EF1799D023F996C800A09CD9 /* ContentView.swift */; };
		EF1799D323F996CA00A09CD9 /* Assets.xcassets in Resources */ = {isa = PBXBuildFile; fileRef = EF1799D223F996CA00A09CD9 /* Assets.xcassets */; };
		EF1799D623F996CA00A09CD9 /* Preview Assets.xcassets in Resources */ = {isa = PBXBuildFile; fileRef = EF1799D523F996CA00A09CD9 /* Preview Assets.xcassets */; };
		EF1799D923F996CA00A09CD9 /* LaunchScreen.storyboard in Resources */ = {isa = PBXBuildFile; fileRef = EF1799D723F996CA00A09CD9 /* LaunchScreen.storyboard */; };
		EF1799E423F996CA00A09CD9 /* PackagesTests.swift in Sources */ = {isa = PBXBuildFile; fileRef = EF1799E323F996CA00A09CD9 /* PackagesTests.swift */; };
		EF1799EF23F996CA00A09CD9 /* PackagesUITests.swift in Sources */ = {isa = PBXBuildFile; fileRef = EF1799EE23F996CA00A09CD9 /* PackagesUITests.swift */; };
		EF179A0023F99AE600A09CD9 /* DocumentBrowser.swift in Sources */ = {isa = PBXBuildFile; fileRef = EF1799FF23F99AE600A09CD9 /* DocumentBrowser.swift */; };
		EF179A0223F99BE800A09CD9 /* PackagesView.swift in Sources */ = {isa = PBXBuildFile; fileRef = EF179A0123F99BE800A09CD9 /* PackagesView.swift */; };
/* End PBXBuildFile section */

/* Begin PBXContainerItemProxy section */
		EF1799E023F996CA00A09CD9 /* PBXContainerItemProxy */ = {
			isa = PBXContainerItemProxy;
			containerPortal = EF1799BE23F996C800A09CD9 /* Project object */;
			proxyType = 1;
			remoteGlobalIDString = EF1799C523F996C800A09CD9;
			remoteInfo = Packages;
		};
		EF1799EB23F996CA00A09CD9 /* PBXContainerItemProxy */ = {
			isa = PBXContainerItemProxy;
			containerPortal = EF1799BE23F996C800A09CD9 /* Project object */;
			proxyType = 1;
			remoteGlobalIDString = EF1799C523F996C800A09CD9;
			remoteInfo = Packages;
		};
/* End PBXContainerItemProxy section */

/* Begin PBXFileReference section */
		EF1799C623F996C800A09CD9 /* Packages.app */ = {isa = PBXFileReference; explicitFileType = wrapper.application; includeInIndex = 0; path = Packages.app; sourceTree = BUILT_PRODUCTS_DIR; };
		EF1799C923F996C800A09CD9 /* AppDelegate.swift */ = {isa = PBXFileReference; lastKnownFileType = sourcecode.swift; path = AppDelegate.swift; sourceTree = "<group>"; };
		EF1799CB23F996C800A09CD9 /* SceneDelegate.swift */ = {isa = PBXFileReference; lastKnownFileType = sourcecode.swift; path = SceneDelegate.swift; sourceTree = "<group>"; };
		EF1799CE23F996C800A09CD9 /* Packages.xcdatamodel */ = {isa = PBXFileReference; lastKnownFileType = wrapper.xcdatamodel; path = Packages.xcdatamodel; sourceTree = "<group>"; };
		EF1799D023F996C800A09CD9 /* ContentView.swift */ = {isa = PBXFileReference; lastKnownFileType = sourcecode.swift; path = ContentView.swift; sourceTree = "<group>"; };
		EF1799D223F996CA00A09CD9 /* Assets.xcassets */ = {isa = PBXFileReference; lastKnownFileType = folder.assetcatalog; path = Assets.xcassets; sourceTree = "<group>"; };
		EF1799D523F996CA00A09CD9 /* Preview Assets.xcassets */ = {isa = PBXFileReference; lastKnownFileType = folder.assetcatalog; path = "Preview Assets.xcassets"; sourceTree = "<group>"; };
		EF1799D823F996CA00A09CD9 /* Base */ = {isa = PBXFileReference; lastKnownFileType = file.storyboard; name = Base; path = Base.lproj/LaunchScreen.storyboard; sourceTree = "<group>"; };
		EF1799DA23F996CA00A09CD9 /* Info.plist */ = {isa = PBXFileReference; lastKnownFileType = text.plist.xml; path = Info.plist; sourceTree = "<group>"; };
		EF1799DF23F996CA00A09CD9 /* PackagesTests.xctest */ = {isa = PBXFileReference; explicitFileType = wrapper.cfbundle; includeInIndex = 0; path = PackagesTests.xctest; sourceTree = BUILT_PRODUCTS_DIR; };
		EF1799E323F996CA00A09CD9 /* PackagesTests.swift */ = {isa = PBXFileReference; lastKnownFileType = sourcecode.swift; path = PackagesTests.swift; sourceTree = "<group>"; };
		EF1799E523F996CA00A09CD9 /* Info.plist */ = {isa = PBXFileReference; lastKnownFileType = text.plist.xml; path = Info.plist; sourceTree = "<group>"; };
		EF1799EA23F996CA00A09CD9 /* PackagesUITests.xctest */ = {isa = PBXFileReference; explicitFileType = wrapper.cfbundle; includeInIndex = 0; path = PackagesUITests.xctest; sourceTree = BUILT_PRODUCTS_DIR; };
		EF1799EE23F996CA00A09CD9 /* PackagesUITests.swift */ = {isa = PBXFileReference; lastKnownFileType = sourcecode.swift; path = PackagesUITests.swift; sourceTree = "<group>"; };
		EF1799F023F996CA00A09CD9 /* Info.plist */ = {isa = PBXFileReference; lastKnownFileType = text.plist.xml; path = Info.plist; sourceTree = "<group>"; };
		EF1799FC23F996E200A09CD9 /* Packages.entitlements */ = {isa = PBXFileReference; lastKnownFileType = text.plist.entitlements; path = Packages.entitlements; sourceTree = "<group>"; };
		EF1799FF23F99AE600A09CD9 /* DocumentBrowser.swift */ = {isa = PBXFileReference; lastKnownFileType = sourcecode.swift; path = DocumentBrowser.swift; sourceTree = "<group>"; };
		EF179A0123F99BE800A09CD9 /* PackagesView.swift */ = {isa = PBXFileReference; lastKnownFileType = sourcecode.swift; path = PackagesView.swift; sourceTree = "<group>"; };
/* End PBXFileReference section */

/* Begin PBXFrameworksBuildPhase section */
		EF1799C323F996C800A09CD9 /* Frameworks */ = {
			isa = PBXFrameworksBuildPhase;
			buildActionMask = 2147483647;
			files = (
			);
			runOnlyForDeploymentPostprocessing = 0;
		};
		EF1799DC23F996CA00A09CD9 /* Frameworks */ = {
			isa = PBXFrameworksBuildPhase;
			buildActionMask = 2147483647;
			files = (
			);
			runOnlyForDeploymentPostprocessing = 0;
		};
		EF1799E723F996CA00A09CD9 /* Frameworks */ = {
			isa = PBXFrameworksBuildPhase;
			buildActionMask = 2147483647;
			files = (
			);
			runOnlyForDeploymentPostprocessing = 0;
		};
/* End PBXFrameworksBuildPhase section */

/* Begin PBXGroup section */
		EF1799BD23F996C800A09CD9 = {
			isa = PBXGroup;
			children = (
				EF1799C823F996C800A09CD9 /* Packages */,
				EF1799E223F996CA00A09CD9 /* PackagesTests */,
				EF1799ED23F996CA00A09CD9 /* PackagesUITests */,
				EF1799C723F996C800A09CD9 /* Products */,
			);
			sourceTree = "<group>";
		};
		EF1799C723F996C800A09CD9 /* Products */ = {
			isa = PBXGroup;
			children = (
				EF1799C623F996C800A09CD9 /* Packages.app */,
				EF1799DF23F996CA00A09CD9 /* PackagesTests.xctest */,
				EF1799EA23F996CA00A09CD9 /* PackagesUITests.xctest */,
			);
			name = Products;
			sourceTree = "<group>";
		};
		EF1799C823F996C800A09CD9 /* Packages */ = {
			isa = PBXGroup;
			children = (
				EF179A0323F99DA800A09CD9 /* General */,
				EF1799FE23F99ADC00A09CD9 /* Views */,
				EF1799FD23F99AC800A09CD9 /* UserStory */,
				EF1799FC23F996E200A09CD9 /* Packages.entitlements */,
				EF1799C923F996C800A09CD9 /* AppDelegate.swift */,
				EF1799CB23F996C800A09CD9 /* SceneDelegate.swift */,
				EF1799D223F996CA00A09CD9 /* Assets.xcassets */,
				EF1799D723F996CA00A09CD9 /* LaunchScreen.storyboard */,
				EF1799DA23F996CA00A09CD9 /* Info.plist */,
				EF1799CD23F996C800A09CD9 /* Packages.xcdatamodeld */,
				EF1799D423F996CA00A09CD9 /* Preview Content */,
			);
			path = Packages;
			sourceTree = "<group>";
		};
		EF1799D423F996CA00A09CD9 /* Preview Content */ = {
			isa = PBXGroup;
			children = (
				EF1799D523F996CA00A09CD9 /* Preview Assets.xcassets */,
			);
			path = "Preview Content";
			sourceTree = "<group>";
		};
		EF1799E223F996CA00A09CD9 /* PackagesTests */ = {
			isa = PBXGroup;
			children = (
				EF1799E323F996CA00A09CD9 /* PackagesTests.swift */,
				EF1799E523F996CA00A09CD9 /* Info.plist */,
			);
			path = PackagesTests;
			sourceTree = "<group>";
		};
		EF1799ED23F996CA00A09CD9 /* PackagesUITests */ = {
			isa = PBXGroup;
			children = (
				EF1799EE23F996CA00A09CD9 /* PackagesUITests.swift */,
				EF1799F023F996CA00A09CD9 /* Info.plist */,
			);
			path = PackagesUITests;
			sourceTree = "<group>";
		};
		EF1799FD23F99AC800A09CD9 /* UserStory */ = {
			isa = PBXGroup;
			children = (
				EF1799D023F996C800A09CD9 /* ContentView.swift */,
				EF179A0123F99BE800A09CD9 /* PackagesView.swift */,
			);
			path = UserStory;
			sourceTree = "<group>";
		};
		EF1799FE23F99ADC00A09CD9 /* Views */ = {
			isa = PBXGroup;
			children = (
				EF1799FF23F99AE600A09CD9 /* DocumentBrowser.swift */,
			);
			path = Views;
			sourceTree = "<group>";
		};
		EF179A0323F99DA800A09CD9 /* General */ = {
			isa = PBXGroup;
			children = (
			);
			path = General;
			sourceTree = "<group>";
		};
/* End PBXGroup section */

/* Begin PBXNativeTarget section */
		EF1799C523F996C800A09CD9 /* Packages */ = {
			isa = PBXNativeTarget;
			buildConfigurationList = EF1799F323F996CA00A09CD9 /* Build configuration list for PBXNativeTarget "Packages" */;
			buildPhases = (
				EF1799C223F996C800A09CD9 /* Sources */,
				EF1799C323F996C800A09CD9 /* Frameworks */,
				EF1799C423F996C800A09CD9 /* Resources */,
			);
			buildRules = (
			);
			dependencies = (
			);
			name = Packages;
			productName = Packages;
			productReference = EF1799C623F996C800A09CD9 /* Packages.app */;
			productType = "com.apple.product-type.application";
		};
		EF1799DE23F996CA00A09CD9 /* PackagesTests */ = {
			isa = PBXNativeTarget;
			buildConfigurationList = EF1799F623F996CA00A09CD9 /* Build configuration list for PBXNativeTarget "PackagesTests" */;
			buildPhases = (
				EF1799DB23F996CA00A09CD9 /* Sources */,
				EF1799DC23F996CA00A09CD9 /* Frameworks */,
				EF1799DD23F996CA00A09CD9 /* Resources */,
			);
			buildRules = (
			);
			dependencies = (
				EF1799E123F996CA00A09CD9 /* PBXTargetDependency */,
			);
			name = PackagesTests;
			productName = PackagesTests;
			productReference = EF1799DF23F996CA00A09CD9 /* PackagesTests.xctest */;
			productType = "com.apple.product-type.bundle.unit-test";
		};
		EF1799E923F996CA00A09CD9 /* PackagesUITests */ = {
			isa = PBXNativeTarget;
			buildConfigurationList = EF1799F923F996CA00A09CD9 /* Build configuration list for PBXNativeTarget "PackagesUITests" */;
			buildPhases = (
				EF1799E623F996CA00A09CD9 /* Sources */,
				EF1799E723F996CA00A09CD9 /* Frameworks */,
				EF1799E823F996CA00A09CD9 /* Resources */,
			);
			buildRules = (
			);
			dependencies = (
				EF1799EC23F996CA00A09CD9 /* PBXTargetDependency */,
			);
			name = PackagesUITests;
			productName = PackagesUITests;
			productReference = EF1799EA23F996CA00A09CD9 /* PackagesUITests.xctest */;
			productType = "com.apple.product-type.bundle.ui-testing";
		};
/* End PBXNativeTarget section */

/* Begin PBXProject section */
		EF1799BE23F996C800A09CD9 /* Project object */ = {
			isa = PBXProject;
			attributes = {
				LastSwiftUpdateCheck = 1120;
				LastUpgradeCheck = 1120;
				ORGANIZATIONNAME = LiteCode;
				TargetAttributes = {
					EF1799C523F996C800A09CD9 = {
						CreatedOnToolsVersion = 11.2;
					};
					EF1799DE23F996CA00A09CD9 = {
						CreatedOnToolsVersion = 11.2;
						TestTargetID = EF1799C523F996C800A09CD9;
					};
					EF1799E923F996CA00A09CD9 = {
						CreatedOnToolsVersion = 11.2;
						TestTargetID = EF1799C523F996C800A09CD9;
					};
				};
			};
			buildConfigurationList = EF1799C123F996C800A09CD9 /* Build configuration list for PBXProject "Packages" */;
			compatibilityVersion = "Xcode 9.3";
			developmentRegion = en;
			hasScannedForEncodings = 0;
			knownRegions = (
				en,
				Base,
			);
			mainGroup = EF1799BD23F996C800A09CD9;
			productRefGroup = EF1799C723F996C800A09CD9 /* Products */;
			projectDirPath = "";
			projectRoot = "";
			targets = (
				EF1799C523F996C800A09CD9 /* Packages */,
				EF1799DE23F996CA00A09CD9 /* PackagesTests */,
				EF1799E923F996CA00A09CD9 /* PackagesUITests */,
			);
		};
/* End PBXProject section */

/* Begin PBXResourcesBuildPhase section */
		EF1799C423F996C800A09CD9 /* Resources */ = {
			isa = PBXResourcesBuildPhase;
			buildActionMask = 2147483647;
			files = (
				EF1799D923F996CA00A09CD9 /* LaunchScreen.storyboard in Resources */,
				EF1799D623F996CA00A09CD9 /* Preview Assets.xcassets in Resources */,
				EF1799D323F996CA00A09CD9 /* Assets.xcassets in Resources */,
			);
			runOnlyForDeploymentPostprocessing = 0;
		};
		EF1799DD23F996CA00A09CD9 /* Resources */ = {
			isa = PBXResourcesBuildPhase;
			buildActionMask = 2147483647;
			files = (
			);
			runOnlyForDeploymentPostprocessing = 0;
		};
		EF1799E823F996CA00A09CD9 /* Resources */ = {
			isa = PBXResourcesBuildPhase;
			buildActionMask = 2147483647;
			files = (
			);
			runOnlyForDeploymentPostprocessing = 0;
		};
/* End PBXResourcesBuildPhase section */

/* Begin PBXSourcesBuildPhase section */
		EF1799C223F996C800A09CD9 /* Sources */ = {
			isa = PBXSourcesBuildPhase;
			buildActionMask = 2147483647;
			files = (
				EF1799CA23F996C800A09CD9 /* AppDelegate.swift in Sources */,
				EF179A0223F99BE800A09CD9 /* PackagesView.swift in Sources */,
				EF1799CF23F996C800A09CD9 /* Packages.xcdatamodeld in Sources */,
				EF1799D123F996C800A09CD9 /* ContentView.swift in Sources */,
				EF1799CC23F996C800A09CD9 /* SceneDelegate.swift in Sources */,
				EF179A0023F99AE600A09CD9 /* DocumentBrowser.swift in Sources */,
			);
			runOnlyForDeploymentPostprocessing = 0;
		};
		EF1799DB23F996CA00A09CD9 /* Sources */ = {
			isa = PBXSourcesBuildPhase;
			buildActionMask = 2147483647;
			files = (
				EF1799E423F996CA00A09CD9 /* PackagesTests.swift in Sources */,
			);
			runOnlyForDeploymentPostprocessing = 0;
		};
		EF1799E623F996CA00A09CD9 /* Sources */ = {
			isa = PBXSourcesBuildPhase;
			buildActionMask = 2147483647;
			files = (
				EF1799EF23F996CA00A09CD9 /* PackagesUITests.swift in Sources */,
			);
			runOnlyForDeploymentPostprocessing = 0;
		};
/* End PBXSourcesBuildPhase section */

/* Begin PBXTargetDependency section */
		EF1799E123F996CA00A09CD9 /* PBXTargetDependency */ = {
			isa = PBXTargetDependency;
			target = EF1799C523F996C800A09CD9 /* Packages */;
			targetProxy = EF1799E023F996CA00A09CD9 /* PBXContainerItemProxy */;
		};
		EF1799EC23F996CA00A09CD9 /* PBXTargetDependency */ = {
			isa = PBXTargetDependency;
			target = EF1799C523F996C800A09CD9 /* Packages */;
			targetProxy = EF1799EB23F996CA00A09CD9 /* PBXContainerItemProxy */;
		};
/* End PBXTargetDependency section */

/* Begin PBXVariantGroup section */
		EF1799D723F996CA00A09CD9 /* LaunchScreen.storyboard */ = {
			isa = PBXVariantGroup;
			children = (
				EF1799D823F996CA00A09CD9 /* Base */,
			);
			name = LaunchScreen.storyboard;
			sourceTree = "<group>";
		};
/* End PBXVariantGroup section */

/* Begin XCBuildConfiguration section */
		EF1799F123F996CA00A09CD9 /* Debug */ = {
			isa = XCBuildConfiguration;
			buildSettings = {
				ALWAYS_SEARCH_USER_PATHS = NO;
				CLANG_ANALYZER_NONNULL = YES;
				CLANG_ANALYZER_NUMBER_OBJECT_CONVERSION = YES_AGGRESSIVE;
				CLANG_CXX_LANGUAGE_STANDARD = "gnu++14";
				CLANG_CXX_LIBRARY = "libc++";
				CLANG_ENABLE_MODULES = YES;
				CLANG_ENABLE_OBJC_ARC = YES;
				CLANG_ENABLE_OBJC_WEAK = YES;
				CLANG_WARN_BLOCK_CAPTURE_AUTORELEASING = YES;
				CLANG_WARN_BOOL_CONVERSION = YES;
				CLANG_WARN_COMMA = YES;
				CLANG_WARN_CONSTANT_CONVERSION = YES;
				CLANG_WARN_DEPRECATED_OBJC_IMPLEMENTATIONS = YES;
				CLANG_WARN_DIRECT_OBJC_ISA_USAGE = YES_ERROR;
				CLANG_WARN_DOCUMENTATION_COMMENTS = YES;
				CLANG_WARN_EMPTY_BODY = YES;
				CLANG_WARN_ENUM_CONVERSION = YES;
				CLANG_WARN_INFINITE_RECURSION = YES;
				CLANG_WARN_INT_CONVERSION = YES;
				CLANG_WARN_NON_LITERAL_NULL_CONVERSION = YES;
				CLANG_WARN_OBJC_IMPLICIT_RETAIN_SELF = YES;
				CLANG_WARN_OBJC_LITERAL_CONVERSION = YES;
				CLANG_WARN_OBJC_ROOT_CLASS = YES_ERROR;
				CLANG_WARN_RANGE_LOOP_ANALYSIS = YES;
				CLANG_WARN_STRICT_PROTOTYPES = YES;
				CLANG_WARN_SUSPICIOUS_MOVE = YES;
				CLANG_WARN_UNGUARDED_AVAILABILITY = YES_AGGRESSIVE;
				CLANG_WARN_UNREACHABLE_CODE = YES;
				CLANG_WARN__DUPLICATE_METHOD_MATCH = YES;
				COPY_PHASE_STRIP = NO;
				DEBUG_INFORMATION_FORMAT = dwarf;
				ENABLE_STRICT_OBJC_MSGSEND = YES;
				ENABLE_TESTABILITY = YES;
				GCC_C_LANGUAGE_STANDARD = gnu11;
				GCC_DYNAMIC_NO_PIC = NO;
				GCC_NO_COMMON_BLOCKS = YES;
				GCC_OPTIMIZATION_LEVEL = 0;
				GCC_PREPROCESSOR_DEFINITIONS = (
					"DEBUG=1",
					"$(inherited)",
				);
				GCC_WARN_64_TO_32_BIT_CONVERSION = YES;
				GCC_WARN_ABOUT_RETURN_TYPE = YES_ERROR;
				GCC_WARN_UNDECLARED_SELECTOR = YES;
				GCC_WARN_UNINITIALIZED_AUTOS = YES_AGGRESSIVE;
				GCC_WARN_UNUSED_FUNCTION = YES;
				GCC_WARN_UNUSED_VARIABLE = YES;
				IPHONEOS_DEPLOYMENT_TARGET = 13.2;
				MTL_ENABLE_DEBUG_INFO = INCLUDE_SOURCE;
				MTL_FAST_MATH = YES;
				ONLY_ACTIVE_ARCH = YES;
				SDKROOT = iphoneos;
				SWIFT_ACTIVE_COMPILATION_CONDITIONS = DEBUG;
				SWIFT_OPTIMIZATION_LEVEL = "-Onone";
			};
			name = Debug;
		};
		EF1799F223F996CA00A09CD9 /* Release */ = {
			isa = XCBuildConfiguration;
			buildSettings = {
				ALWAYS_SEARCH_USER_PATHS = NO;
				CLANG_ANALYZER_NONNULL = YES;
				CLANG_ANALYZER_NUMBER_OBJECT_CONVERSION = YES_AGGRESSIVE;
				CLANG_CXX_LANGUAGE_STANDARD = "gnu++14";
				CLANG_CXX_LIBRARY = "libc++";
				CLANG_ENABLE_MODULES = YES;
				CLANG_ENABLE_OBJC_ARC = YES;
				CLANG_ENABLE_OBJC_WEAK = YES;
				CLANG_WARN_BLOCK_CAPTURE_AUTORELEASING = YES;
				CLANG_WARN_BOOL_CONVERSION = YES;
				CLANG_WARN_COMMA = YES;
				CLANG_WARN_CONSTANT_CONVERSION = YES;
				CLANG_WARN_DEPRECATED_OBJC_IMPLEMENTATIONS = YES;
				CLANG_WARN_DIRECT_OBJC_ISA_USAGE = YES_ERROR;
				CLANG_WARN_DOCUMENTATION_COMMENTS = YES;
				CLANG_WARN_EMPTY_BODY = YES;
				CLANG_WARN_ENUM_CONVERSION = YES;
				CLANG_WARN_INFINITE_RECURSION = YES;
				CLANG_WARN_INT_CONVERSION = YES;
				CLANG_WARN_NON_LITERAL_NULL_CONVERSION = YES;
				CLANG_WARN_OBJC_IMPLICIT_RETAIN_SELF = YES;
				CLANG_WARN_OBJC_LITERAL_CONVERSION = YES;
				CLANG_WARN_OBJC_ROOT_CLASS = YES_ERROR;
				CLANG_WARN_RANGE_LOOP_ANALYSIS = YES;
				CLANG_WARN_STRICT_PROTOTYPES = YES;
				CLANG_WARN_SUSPICIOUS_MOVE = YES;
				CLANG_WARN_UNGUARDED_AVAILABILITY = YES_AGGRESSIVE;
				CLANG_WARN_UNREACHABLE_CODE = YES;
				CLANG_WARN__DUPLICATE_METHOD_MATCH = YES;
				COPY_PHASE_STRIP = NO;
				DEBUG_INFORMATION_FORMAT = "dwarf-with-dsym";
				ENABLE_NS_ASSERTIONS = NO;
				ENABLE_STRICT_OBJC_MSGSEND = YES;
				GCC_C_LANGUAGE_STANDARD = gnu11;
				GCC_NO_COMMON_BLOCKS = YES;
				GCC_WARN_64_TO_32_BIT_CONVERSION = YES;
				GCC_WARN_ABOUT_RETURN_TYPE = YES_ERROR;
				GCC_WARN_UNDECLARED_SELECTOR = YES;
				GCC_WARN_UNINITIALIZED_AUTOS = YES_AGGRESSIVE;
				GCC_WARN_UNUSED_FUNCTION = YES;
				GCC_WARN_UNUSED_VARIABLE = YES;
				IPHONEOS_DEPLOYMENT_TARGET = 13.2;
				MTL_ENABLE_DEBUG_INFO = NO;
				MTL_FAST_MATH = YES;
				SDKROOT = iphoneos;
				SWIFT_COMPILATION_MODE = wholemodule;
				SWIFT_OPTIMIZATION_LEVEL = "-O";
				VALIDATE_PRODUCT = YES;
			};
			name = Release;
		};
		EF1799F423F996CA00A09CD9 /* Debug */ = {
			isa = XCBuildConfiguration;
			buildSettings = {
				ASSETCATALOG_COMPILER_APPICON_NAME = AppIcon;
				CODE_SIGN_ENTITLEMENTS = Packages/Packages.entitlements;
				CODE_SIGN_STYLE = Automatic;
				DERIVE_MACCATALYST_PRODUCT_BUNDLE_IDENTIFIER = YES;
				DEVELOPMENT_ASSET_PATHS = "\"Packages/Preview Content\"";
				DEVELOPMENT_TEAM = 8PYCRS3EA3;
				ENABLE_PREVIEWS = YES;
				INFOPLIST_FILE = Packages/Info.plist;
				LD_RUNPATH_SEARCH_PATHS = (
					"$(inherited)",
					"@executable_path/Frameworks",
				);
				PRODUCT_BUNDLE_IDENTIFIER = dev.litecode.Packages;
				PRODUCT_NAME = "$(TARGET_NAME)";
				SUPPORTS_MACCATALYST = YES;
				SWIFT_VERSION = 5.0;
				TARGETED_DEVICE_FAMILY = "1,2";
			};
			name = Debug;
		};
		EF1799F523F996CA00A09CD9 /* Release */ = {
			isa = XCBuildConfiguration;
			buildSettings = {
				ASSETCATALOG_COMPILER_APPICON_NAME = AppIcon;
				CODE_SIGN_ENTITLEMENTS = Packages/Packages.entitlements;
				CODE_SIGN_STYLE = Automatic;
				DERIVE_MACCATALYST_PRODUCT_BUNDLE_IDENTIFIER = YES;
				DEVELOPMENT_ASSET_PATHS = "\"Packages/Preview Content\"";
				DEVELOPMENT_TEAM = 8PYCRS3EA3;
				ENABLE_PREVIEWS = YES;
				INFOPLIST_FILE = Packages/Info.plist;
				LD_RUNPATH_SEARCH_PATHS = (
					"$(inherited)",
					"@executable_path/Frameworks",
				);
				PRODUCT_BUNDLE_IDENTIFIER = dev.litecode.Packages;
				PRODUCT_NAME = "$(TARGET_NAME)";
				SUPPORTS_MACCATALYST = YES;
				SWIFT_VERSION = 5.0;
				TARGETED_DEVICE_FAMILY = "1,2";
			};
			name = Release;
		};
		EF1799F723F996CA00A09CD9 /* Debug */ = {
			isa = XCBuildConfiguration;
			buildSettings = {
				ALWAYS_EMBED_SWIFT_STANDARD_LIBRARIES = YES;
				BUNDLE_LOADER = "$(TEST_HOST)";
				CODE_SIGN_STYLE = Automatic;
				DEVELOPMENT_TEAM = 8PYCRS3EA3;
				INFOPLIST_FILE = PackagesTests/Info.plist;
				IPHONEOS_DEPLOYMENT_TARGET = 13.2;
				LD_RUNPATH_SEARCH_PATHS = (
					"$(inherited)",
					"@executable_path/Frameworks",
					"@loader_path/Frameworks",
				);
				PRODUCT_BUNDLE_IDENTIFIER = dev.litecode.PackagesTests;
				PRODUCT_NAME = "$(TARGET_NAME)";
				SWIFT_VERSION = 5.0;
				TARGETED_DEVICE_FAMILY = "1,2";
				TEST_HOST = "$(BUILT_PRODUCTS_DIR)/Packages.app/Packages";
			};
			name = Debug;
		};
		EF1799F823F996CA00A09CD9 /* Release */ = {
			isa = XCBuildConfiguration;
			buildSettings = {
				ALWAYS_EMBED_SWIFT_STANDARD_LIBRARIES = YES;
				BUNDLE_LOADER = "$(TEST_HOST)";
				CODE_SIGN_STYLE = Automatic;
				DEVELOPMENT_TEAM = 8PYCRS3EA3;
				INFOPLIST_FILE = PackagesTests/Info.plist;
				IPHONEOS_DEPLOYMENT_TARGET = 13.2;
				LD_RUNPATH_SEARCH_PATHS = (
					"$(inherited)",
					"@executable_path/Frameworks",
					"@loader_path/Frameworks",
				);
				PRODUCT_BUNDLE_IDENTIFIER = dev.litecode.PackagesTests;
				PRODUCT_NAME = "$(TARGET_NAME)";
				SWIFT_VERSION = 5.0;
				TARGETED_DEVICE_FAMILY = "1,2";
				TEST_HOST = "$(BUILT_PRODUCTS_DIR)/Packages.app/Packages";
			};
			name = Release;
		};
		EF1799FA23F996CA00A09CD9 /* Debug */ = {
			isa = XCBuildConfiguration;
			buildSettings = {
				ALWAYS_EMBED_SWIFT_STANDARD_LIBRARIES = YES;
				CODE_SIGN_STYLE = Automatic;
				DEVELOPMENT_TEAM = 8PYCRS3EA3;
				INFOPLIST_FILE = PackagesUITests/Info.plist;
				LD_RUNPATH_SEARCH_PATHS = (
					"$(inherited)",
					"@executable_path/Frameworks",
					"@loader_path/Frameworks",
				);
				PRODUCT_BUNDLE_IDENTIFIER = dev.litecode.PackagesUITests;
				PRODUCT_NAME = "$(TARGET_NAME)";
				SWIFT_VERSION = 5.0;
				TARGETED_DEVICE_FAMILY = "1,2";
				TEST_TARGET_NAME = Packages;
			};
			name = Debug;
		};
		EF1799FB23F996CA00A09CD9 /* Release */ = {
			isa = XCBuildConfiguration;
			buildSettings = {
				ALWAYS_EMBED_SWIFT_STANDARD_LIBRARIES = YES;
				CODE_SIGN_STYLE = Automatic;
				DEVELOPMENT_TEAM = 8PYCRS3EA3;
				INFOPLIST_FILE = PackagesUITests/Info.plist;
				LD_RUNPATH_SEARCH_PATHS = (
					"$(inherited)",
					"@executable_path/Frameworks",
					"@loader_path/Frameworks",
				);
				PRODUCT_BUNDLE_IDENTIFIER = dev.litecode.PackagesUITests;
				PRODUCT_NAME = "$(TARGET_NAME)";
				SWIFT_VERSION = 5.0;
				TARGETED_DEVICE_FAMILY = "1,2";
				TEST_TARGET_NAME = Packages;
			};
			name = Release;
		};
/* End XCBuildConfiguration section */

/* Begin XCConfigurationList section */
		EF1799C123F996C800A09CD9 /* Build configuration list for PBXProject "Packages" */ = {
			isa = XCConfigurationList;
			buildConfigurations = (
				EF1799F123F996CA00A09CD9 /* Debug */,
				EF1799F223F996CA00A09CD9 /* Release */,
			);
			defaultConfigurationIsVisible = 0;
			defaultConfigurationName = Release;
		};
		EF1799F323F996CA00A09CD9 /* Build configuration list for PBXNativeTarget "Packages" */ = {
			isa = XCConfigurationList;
			buildConfigurations = (
				EF1799F423F996CA00A09CD9 /* Debug */,
				EF1799F523F996CA00A09CD9 /* Release */,
			);
			defaultConfigurationIsVisible = 0;
			defaultConfigurationName = Release;
		};
		EF1799F623F996CA00A09CD9 /* Build configuration list for PBXNativeTarget "PackagesTests" */ = {
			isa = XCConfigurationList;
			buildConfigurations = (
				EF1799F723F996CA00A09CD9 /* Debug */,
				EF1799F823F996CA00A09CD9 /* Release */,
			);
			defaultConfigurationIsVisible = 0;
			defaultConfigurationName = Release;
		};
		EF1799F923F996CA00A09CD9 /* Build configuration list for PBXNativeTarget "PackagesUITests" */ = {
			isa = XCConfigurationList;
			buildConfigurations = (
				EF1799FA23F996CA00A09CD9 /* Debug */,
				EF1799FB23F996CA00A09CD9 /* Release */,
			);
			defaultConfigurationIsVisible = 0;
			defaultConfigurationName = Release;
		};
/* End XCConfigurationList section */

/* Begin XCVersionGroup section */
		EF1799CD23F996C800A09CD9 /* Packages.xcdatamodeld */ = {
			isa = XCVersionGroup;
			children = (
				EF1799CE23F996C800A09CD9 /* Packages.xcdatamodel */,
			);
			currentVersion = EF1799CE23F996C800A09CD9 /* Packages.xcdatamodel */;
			path = Packages.xcdatamodeld;
			sourceTree = "<group>";
			versionGroupType = wrapper.xcdatamodel;
		};
/* End XCVersionGroup section */
	};
	rootObject = EF1799BE23F996C800A09CD9 /* Project object */;
}
